
Microsoft Visual Studio Solution File, Format Version 12.00
# Visual Studio Version 17
VisualStudioVersion = 17.8.34316.72
MinimumVisualStudioVersion = 10.0.40219.1
Project("{2150E333-8FDC-42A3-9474-1A3956D46DE8}") = "src", "src", "{1BEE6E75-8452-4D7E-B198-133B3352B046}"
EndProject
Project("{9A19103F-16F7-4668-BE54-9A1E7A4F7556}") = "Domain", "Domain\Domain.csproj", "{C00BC12A-9AE0-4565-AC67-2D46F79C763E}"
EndProject
Project("{9A19103F-16F7-4668-BE54-9A1E7A4F7556}") = "Application", "Application\Application.csproj", "{976FFE35-BDD6-430A-B3F2-BA829BCD0872}"
EndProject
Project("{9A19103F-16F7-4668-BE54-9A1E7A4F7556}") = "Infrastructure", "Infrastructure\Infrastructure.csproj", "{07623D31-224E-4AA2-B212-7DFBAB3C0CD3}"
EndProject
Project("{9A19103F-16F7-4668-BE54-9A1E7A4F7556}") = "WebAPI", "WebAPI\WebAPI.csproj", "{35649341-296B-482A-B129-508D25FF109F}"
EndProject
Project("{2150E333-8FDC-42A3-9474-1A3956D46DE8}") = "sdk", "sdk", "{76151B95-35E8-4582-B239-81BF6AC22AAB}"
EndProject
Project("{9A19103F-16F7-4668-BE54-9A1E7A4F7556}") = "Blogger.Sdk", "Blogger.Sdk\Blogger.Sdk.csproj", "{A161EE95-F4AB-4020-B25C-94DF6014A404}"
EndProject
Project("{9A19103F-16F7-4668-BE54-9A1E7A4F7556}") = "Blogger.Sdk.Sample", "Blogger.Sdk.Sample\Blogger.Sdk.Sample.csproj", "{415E8682-B891-47D0-BD9F-CEF4EBF0D054}"
EndProject
Project("{9A19103F-16F7-4668-BE54-9A1E7A4F7556}") = "Blogger.Contracts", "Blogger.Contracts\Blogger.Contracts.csproj", "{95CA8017-F247-4722-9FE3-D53F1FA986A1}"
EndProject
Project("{2150E333-8FDC-42A3-9474-1A3956D46DE8}") = "tests", "tests", "{F57CDE77-26B1-4DAF-8235-5EB44F2365EE}"
EndProject
Project("{9A19103F-16F7-4668-BE54-9A1E7A4F7556}") = "UnitTests", "UnitTests\UnitTests.csproj", "{238CCA5D-F767-46F2-B745-A8DE33578025}"
EndProject
Project("{FAE04EC0-301F-11D3-BF4B-00C04F79EFBC}") = "EndToEndTests", "EndToEndTests\EndToEndTests.csproj", "{20CB809F-4BAA-4D9C-A35A-1DD621014E34}"
EndProject
Global
	GlobalSection(SolutionConfigurationPlatforms) = preSolution
		Debug|Any CPU = Debug|Any CPU
		Release|Any CPU = Release|Any CPU
	EndGlobalSection
	GlobalSection(ProjectConfigurationPlatforms) = postSolution
		{C00BC12A-9AE0-4565-AC67-2D46F79C763E}.Debug|Any CPU.ActiveCfg = Debug|Any CPU
		{C00BC12A-9AE0-4565-AC67-2D46F79C763E}.Debug|Any CPU.Build.0 = Debug|Any CPU
		{C00BC12A-9AE0-4565-AC67-2D46F79C763E}.Release|Any CPU.ActiveCfg = Release|Any CPU
		{C00BC12A-9AE0-4565-AC67-2D46F79C763E}.Release|Any CPU.Build.0 = Release|Any CPU
		{976FFE35-BDD6-430A-B3F2-BA829BCD0872}.Debug|Any CPU.ActiveCfg = Debug|Any CPU
		{976FFE35-BDD6-430A-B3F2-BA829BCD0872}.Debug|Any CPU.Build.0 = Debug|Any CPU
		{976FFE35-BDD6-430A-B3F2-BA829BCD0872}.Release|Any CPU.ActiveCfg = Release|Any CPU
		{976FFE35-BDD6-430A-B3F2-BA829BCD0872}.Release|Any CPU.Build.0 = Release|Any CPU
		{07623D31-224E-4AA2-B212-7DFBAB3C0CD3}.Debug|Any CPU.ActiveCfg = Debug|Any CPU
		{07623D31-224E-4AA2-B212-7DFBAB3C0CD3}.Debug|Any CPU.Build.0 = Debug|Any CPU
		{07623D31-224E-4AA2-B212-7DFBAB3C0CD3}.Release|Any CPU.ActiveCfg = Release|Any CPU
		{07623D31-224E-4AA2-B212-7DFBAB3C0CD3}.Release|Any CPU.Build.0 = Release|Any CPU
		{35649341-296B-482A-B129-508D25FF109F}.Debug|Any CPU.ActiveCfg = Debug|Any CPU
		{35649341-296B-482A-B129-508D25FF109F}.Debug|Any CPU.Build.0 = Debug|Any CPU
		{35649341-296B-482A-B129-508D25FF109F}.Release|Any CPU.ActiveCfg = Release|Any CPU
		{35649341-296B-482A-B129-508D25FF109F}.Release|Any CPU.Build.0 = Release|Any CPU
		{A161EE95-F4AB-4020-B25C-94DF6014A404}.Debug|Any CPU.ActiveCfg = Debug|Any CPU
		{A161EE95-F4AB-4020-B25C-94DF6014A404}.Debug|Any CPU.Build.0 = Debug|Any CPU
		{A161EE95-F4AB-4020-B25C-94DF6014A404}.Release|Any CPU.ActiveCfg = Release|Any CPU
		{A161EE95-F4AB-4020-B25C-94DF6014A404}.Release|Any CPU.Build.0 = Release|Any CPU
		{415E8682-B891-47D0-BD9F-CEF4EBF0D054}.Debug|Any CPU.ActiveCfg = Debug|Any CPU
		{415E8682-B891-47D0-BD9F-CEF4EBF0D054}.Debug|Any CPU.Build.0 = Debug|Any CPU
		{415E8682-B891-47D0-BD9F-CEF4EBF0D054}.Release|Any CPU.ActiveCfg = Release|Any CPU
		{415E8682-B891-47D0-BD9F-CEF4EBF0D054}.Release|Any CPU.Build.0 = Release|Any CPU
		{95CA8017-F247-4722-9FE3-D53F1FA986A1}.Debug|Any CPU.ActiveCfg = Debug|Any CPU
		{95CA8017-F247-4722-9FE3-D53F1FA986A1}.Debug|Any CPU.Build.0 = Debug|Any CPU
		{95CA8017-F247-4722-9FE3-D53F1FA986A1}.Release|Any CPU.ActiveCfg = Release|Any CPU
		{95CA8017-F247-4722-9FE3-D53F1FA986A1}.Release|Any CPU.Build.0 = Release|Any CPU
		{238CCA5D-F767-46F2-B745-A8DE33578025}.Debug|Any CPU.ActiveCfg = Debug|Any CPU
		{238CCA5D-F767-46F2-B745-A8DE33578025}.Debug|Any CPU.Build.0 = Debug|Any CPU
		{238CCA5D-F767-46F2-B745-A8DE33578025}.Release|Any CPU.ActiveCfg = Release|Any CPU
		{238CCA5D-F767-46F2-B745-A8DE33578025}.Release|Any CPU.Build.0 = Release|Any CPU
		{20CB809F-4BAA-4D9C-A35A-1DD621014E34}.Debug|Any CPU.ActiveCfg = Debug|Any CPU
		{20CB809F-4BAA-4D9C-A35A-1DD621014E34}.Debug|Any CPU.Build.0 = Debug|Any CPU
		{20CB809F-4BAA-4D9C-A35A-1DD621014E34}.Release|Any CPU.ActiveCfg = Release|Any CPU
		{20CB809F-4BAA-4D9C-A35A-1DD621014E34}.Release|Any CPU.Build.0 = Release|Any CPU
	EndGlobalSection
	GlobalSection(SolutionProperties) = preSolution
		HideSolutionNode = FALSE
	EndGlobalSection
	GlobalSection(NestedProjects) = preSolution
		{C00BC12A-9AE0-4565-AC67-2D46F79C763E} = {1BEE6E75-8452-4D7E-B198-133B3352B046}
		{976FFE35-BDD6-430A-B3F2-BA829BCD0872} = {1BEE6E75-8452-4D7E-B198-133B3352B046}
		{07623D31-224E-4AA2-B212-7DFBAB3C0CD3} = {1BEE6E75-8452-4D7E-B198-133B3352B046}
		{35649341-296B-482A-B129-508D25FF109F} = {1BEE6E75-8452-4D7E-B198-133B3352B046}
		{76151B95-35E8-4582-B239-81BF6AC22AAB} = {1BEE6E75-8452-4D7E-B198-133B3352B046}
		{A161EE95-F4AB-4020-B25C-94DF6014A404} = {76151B95-35E8-4582-B239-81BF6AC22AAB}
		{415E8682-B891-47D0-BD9F-CEF4EBF0D054} = {76151B95-35E8-4582-B239-81BF6AC22AAB}
		{95CA8017-F247-4722-9FE3-D53F1FA986A1} = {76151B95-35E8-4582-B239-81BF6AC22AAB}
		{238CCA5D-F767-46F2-B745-A8DE33578025} = {F57CDE77-26B1-4DAF-8235-5EB44F2365EE}
		{20CB809F-4BAA-4D9C-A35A-1DD621014E34} = {F57CDE77-26B1-4DAF-8235-5EB44F2365EE}
	EndGlobalSection
	GlobalSection(ExtensibilityGlobals) = postSolution
		SolutionGuid = {BE62F16C-2357-400E-B9D3-5AB53033D880}
	EndGlobalSection
EndGlobal
